
Microsoft Visual Studio Solution File, Format Version 12.00
# Visual Studio Version 17
VisualStudioVersion = 17.11.35327.3
MinimumVisualStudioVersion = 10.0.40219.1
Project("{FAE04EC0-301F-11D3-BF4B-00C04F79EFBC}") = "TaskManager.API", "TaskManager.API\TaskManager.API.csproj", "{A831EAE1-1381-44E5-864F-0CC265E40D1A}"
EndProject
Project("{FAE04EC0-301F-11D3-BF4B-00C04F79EFBC}") = "TaskManager.Communication", "TaskManager.Communication\TaskManager.Communication.csproj", "{97AADED6-DC49-422E-8602-8F46C04BCF1E}"
EndProject
Project("{FAE04EC0-301F-11D3-BF4B-00C04F79EFBC}") = "TaskManager.Application", "TaskManager.Application\TaskManager.Application.csproj", "{6D52E74A-9EEB-4430-AAE0-4D7CB2AE4FBB}"
EndProject
Project("{FAE04EC0-301F-11D3-BF4B-00C04F79EFBC}") = "TaskManager.Domain", "TaskManager.Domain\TaskManager.Domain.csproj", "{5C938F72-005D-4699-85A2-57FF8AC56D7D}"
EndProject
Global
	GlobalSection(SolutionConfigurationPlatforms) = preSolution
		Debug|Any CPU = Debug|Any CPU
		Release|Any CPU = Release|Any CPU
	EndGlobalSection
	GlobalSection(ProjectConfigurationPlatforms) = postSolution
		{A831EAE1-1381-44E5-864F-0CC265E40D1A}.Debug|Any CPU.ActiveCfg = Debug|Any CPU
		{A831EAE1-1381-44E5-864F-0CC265E40D1A}.Debug|Any CPU.Build.0 = Debug|Any CPU
		{A831EAE1-1381-44E5-864F-0CC265E40D1A}.Release|Any CPU.ActiveCfg = Release|Any CPU
		{A831EAE1-1381-44E5-864F-0CC265E40D1A}.Release|Any CPU.Build.0 = Release|Any CPU
		{97AADED6-DC49-422E-8602-8F46C04BCF1E}.Debug|Any CPU.ActiveCfg = Debug|Any CPU
		{97AADED6-DC49-422E-8602-8F46C04BCF1E}.Debug|Any CPU.Build.0 = Debug|Any CPU
		{97AADED6-DC49-422E-8602-8F46C04BCF1E}.Release|Any CPU.ActiveCfg = Release|Any CPU
		{97AADED6-DC49-422E-8602-8F46C04BCF1E}.Release|Any CPU.Build.0 = Release|Any CPU
		{6D52E74A-9EEB-4430-AAE0-4D7CB2AE4FBB}.Debug|Any CPU.ActiveCfg = Debug|Any CPU
		{6D52E74A-9EEB-4430-AAE0-4D7CB2AE4FBB}.Debug|Any CPU.Build.0 = Debug|Any CPU
		{6D52E74A-9EEB-4430-AAE0-4D7CB2AE4FBB}.Release|Any CPU.ActiveCfg = Release|Any CPU
		{6D52E74A-9EEB-4430-AAE0-4D7CB2AE4FBB}.Release|Any CPU.Build.0 = Release|Any CPU
		{5C938F72-005D-4699-85A2-57FF8AC56D7D}.Debug|Any CPU.ActiveCfg = Debug|Any CPU
		{5C938F72-005D-4699-85A2-57FF8AC56D7D}.Debug|Any CPU.Build.0 = Debug|Any CPU
		{5C938F72-005D-4699-85A2-57FF8AC56D7D}.Release|Any CPU.ActiveCfg = Release|Any CPU
		{5C938F72-005D-4699-85A2-57FF8AC56D7D}.Release|Any CPU.Build.0 = Release|Any CPU
	EndGlobalSection
	GlobalSection(SolutionProperties) = preSolution
		HideSolutionNode = FALSE
	EndGlobalSection
	GlobalSection(ExtensibilityGlobals) = postSolution
		SolutionGuid = {7FFB65C1-72F9-4907-B773-5C698E1E7F05}
	EndGlobalSection
EndGlobal
